// !$*UTF8*$!
{
	archiveVersion = 1;
	classes = {
	};
	objectVersion = 50;
	objects = {

/* Begin PBXBuildFile section */
		EE38546C265375DF00FFB41D /* Grid.swift in Sources */ = {isa = PBXBuildFile; fileRef = EE38546B265375DF00FFB41D /* Grid.swift */; };
		EE38547026537DF700FFB41D /* GridLayout.swift in Sources */ = {isa = PBXBuildFile; fileRef = EE38546F26537DF700FFB41D /* GridLayout.swift */; };
		EE3854722654EE4F00FFB41D /* Array+Only.swift in Sources */ = {isa = PBXBuildFile; fileRef = EE3854712654EE4F00FFB41D /* Array+Only.swift */; };
		EE385474265ACDB500FFB41D /* Pie.swift in Sources */ = {isa = PBXBuildFile; fileRef = EE385473265ACDB500FFB41D /* Pie.swift */; };
		EE385476265ADDA900FFB41D /* Cardify.swift in Sources */ = {isa = PBXBuildFile; fileRef = EE385475265ADDA900FFB41D /* Cardify.swift */; };
		EEBFC9E1264ED356004E1DD4 /* MemorizeApp.swift in Sources */ = {isa = PBXBuildFile; fileRef = EEBFC9E0264ED356004E1DD4 /* MemorizeApp.swift */; };
		EEBFC9E3264ED356004E1DD4 /* EmojiMemoryGameView.swift in Sources */ = {isa = PBXBuildFile; fileRef = EEBFC9E2264ED356004E1DD4 /* EmojiMemoryGameView.swift */; };
		EEBFC9E5264ED357004E1DD4 /* Assets.xcassets in Resources */ = {isa = PBXBuildFile; fileRef = EEBFC9E4264ED357004E1DD4 /* Assets.xcassets */; };
		EEBFC9E8264ED357004E1DD4 /* Preview Assets.xcassets in Resources */ = {isa = PBXBuildFile; fileRef = EEBFC9E7264ED357004E1DD4 /* Preview Assets.xcassets */; };
		EEBFC9F3264ED357004E1DD4 /* MemorizeTests.swift in Sources */ = {isa = PBXBuildFile; fileRef = EEBFC9F2264ED357004E1DD4 /* MemorizeTests.swift */; };
		EEBFC9FE264ED357004E1DD4 /* MemorizeUITests.swift in Sources */ = {isa = PBXBuildFile; fileRef = EEBFC9FD264ED357004E1DD4 /* MemorizeUITests.swift */; };
		EEBFCA0C264EE511004E1DD4 /* MemoryGame.swift in Sources */ = {isa = PBXBuildFile; fileRef = EEBFCA0B264EE511004E1DD4 /* MemoryGame.swift */; };
		EEBFCA0E264EE6A9004E1DD4 /* EmojiMemoryGame.swift in Sources */ = {isa = PBXBuildFile; fileRef = EEBFCA0D264EE6A9004E1DD4 /* EmojiMemoryGame.swift */; };
/* End PBXBuildFile section */

/* Begin PBXContainerItemProxy section */
		EEBFC9EF264ED357004E1DD4 /* PBXContainerItemProxy */ = {
			isa = PBXContainerItemProxy;
			containerPortal = EEBFC9D5264ED356004E1DD4 /* Project object */;
			proxyType = 1;
			remoteGlobalIDString = EEBFC9DC264ED356004E1DD4;
			remoteInfo = Memorize;
		};
		EEBFC9FA264ED357004E1DD4 /* PBXContainerItemProxy */ = {
			isa = PBXContainerItemProxy;
			containerPortal = EEBFC9D5264ED356004E1DD4 /* Project object */;
			proxyType = 1;
			remoteGlobalIDString = EEBFC9DC264ED356004E1DD4;
			remoteInfo = Memorize;
		};
/* End PBXContainerItemProxy section */

/* Begin PBXFileReference section */
		EE38546B265375DF00FFB41D /* Grid.swift */ = {isa = PBXFileReference; lastKnownFileType = sourcecode.swift; path = Grid.swift; sourceTree = "<group>"; };
		EE38546F26537DF700FFB41D /* GridLayout.swift */ = {isa = PBXFileReference; fileEncoding = 4; lastKnownFileType = sourcecode.swift; path = GridLayout.swift; sourceTree = "<group>"; };
		EE3854712654EE4F00FFB41D /* Array+Only.swift */ = {isa = PBXFileReference; lastKnownFileType = sourcecode.swift; path = "Array+Only.swift"; sourceTree = "<group>"; };
		EE385473265ACDB500FFB41D /* Pie.swift */ = {isa = PBXFileReference; lastKnownFileType = sourcecode.swift; path = Pie.swift; sourceTree = "<group>"; };
		EE385475265ADDA900FFB41D /* Cardify.swift */ = {isa = PBXFileReference; lastKnownFileType = sourcecode.swift; path = Cardify.swift; sourceTree = "<group>"; };
		EEBFC9DD264ED356004E1DD4 /* Memorize.app */ = {isa = PBXFileReference; explicitFileType = wrapper.application; includeInIndex = 0; path = Memorize.app; sourceTree = BUILT_PRODUCTS_DIR; };
		EEBFC9E0264ED356004E1DD4 /* MemorizeApp.swift */ = {isa = PBXFileReference; lastKnownFileType = sourcecode.swift; path = MemorizeApp.swift; sourceTree = "<group>"; };
		EEBFC9E2264ED356004E1DD4 /* EmojiMemoryGameView.swift */ = {isa = PBXFileReference; lastKnownFileType = sourcecode.swift; path = EmojiMemoryGameView.swift; sourceTree = "<group>"; };
		EEBFC9E4264ED357004E1DD4 /* Assets.xcassets */ = {isa = PBXFileReference; lastKnownFileType = folder.assetcatalog; path = Assets.xcassets; sourceTree = "<group>"; };
		EEBFC9E7264ED357004E1DD4 /* Preview Assets.xcassets */ = {isa = PBXFileReference; lastKnownFileType = folder.assetcatalog; path = "Preview Assets.xcassets"; sourceTree = "<group>"; };
		EEBFC9E9264ED357004E1DD4 /* Info.plist */ = {isa = PBXFileReference; lastKnownFileType = text.plist.xml; path = Info.plist; sourceTree = "<group>"; };
		EEBFC9EE264ED357004E1DD4 /* MemorizeTests.xctest */ = {isa = PBXFileReference; explicitFileType = wrapper.cfbundle; includeInIndex = 0; path = MemorizeTests.xctest; sourceTree = BUILT_PRODUCTS_DIR; };
		EEBFC9F2264ED357004E1DD4 /* MemorizeTests.swift */ = {isa = PBXFileReference; lastKnownFileType = sourcecode.swift; path = MemorizeTests.swift; sourceTree = "<group>"; };
		EEBFC9F4264ED357004E1DD4 /* Info.plist */ = {isa = PBXFileReference; lastKnownFileType = text.plist.xml; path = Info.plist; sourceTree = "<group>"; };
		EEBFC9F9264ED357004E1DD4 /* MemorizeUITests.xctest */ = {isa = PBXFileReference; explicitFileType = wrapper.cfbundle; includeInIndex = 0; path = MemorizeUITests.xctest; sourceTree = BUILT_PRODUCTS_DIR; };
		EEBFC9FD264ED357004E1DD4 /* MemorizeUITests.swift */ = {isa = PBXFileReference; lastKnownFileType = sourcecode.swift; path = MemorizeUITests.swift; sourceTree = "<group>"; };
		EEBFC9FF264ED357004E1DD4 /* Info.plist */ = {isa = PBXFileReference; lastKnownFileType = text.plist.xml; path = Info.plist; sourceTree = "<group>"; };
		EEBFCA0B264EE511004E1DD4 /* MemoryGame.swift */ = {isa = PBXFileReference; lastKnownFileType = sourcecode.swift; path = MemoryGame.swift; sourceTree = SOURCE_ROOT; };
		EEBFCA0D264EE6A9004E1DD4 /* EmojiMemoryGame.swift */ = {isa = PBXFileReference; lastKnownFileType = sourcecode.swift; path = EmojiMemoryGame.swift; sourceTree = "<group>"; };
/* End PBXFileReference section */

/* Begin PBXFrameworksBuildPhase section */
		EEBFC9DA264ED356004E1DD4 /* Frameworks */ = {
			isa = PBXFrameworksBuildPhase;
			buildActionMask = 2147483647;
			files = (
			);
			runOnlyForDeploymentPostprocessing = 0;
		};
		EEBFC9EB264ED357004E1DD4 /* Frameworks */ = {
			isa = PBXFrameworksBuildPhase;
			buildActionMask = 2147483647;
			files = (
			);
			runOnlyForDeploymentPostprocessing = 0;
		};
		EEBFC9F6264ED357004E1DD4 /* Frameworks */ = {
			isa = PBXFrameworksBuildPhase;
			buildActionMask = 2147483647;
			files = (
			);
			runOnlyForDeploymentPostprocessing = 0;
		};
/* End PBXFrameworksBuildPhase section */

/* Begin PBXGroup section */
		EEBFC9D4264ED356004E1DD4 = {
			isa = PBXGroup;
			children = (
				EEBFC9DF264ED356004E1DD4 /* Memorize */,
				EEBFC9F1264ED357004E1DD4 /* MemorizeTests */,
				EEBFC9FC264ED357004E1DD4 /* MemorizeUITests */,
				EEBFC9DE264ED356004E1DD4 /* Products */,
			);
			sourceTree = "<group>";
		};
		EEBFC9DE264ED356004E1DD4 /* Products */ = {
			isa = PBXGroup;
			children = (
				EEBFC9DD264ED356004E1DD4 /* Memorize.app */,
				EEBFC9EE264ED357004E1DD4 /* MemorizeTests.xctest */,
				EEBFC9F9264ED357004E1DD4 /* MemorizeUITests.xctest */,
			);
			name = Products;
			sourceTree = "<group>";
		};
		EEBFC9DF264ED356004E1DD4 /* Memorize */ = {
			isa = PBXGroup;
			children = (
				EE38546F26537DF700FFB41D /* GridLayout.swift */,
				EEBFCA0B264EE511004E1DD4 /* MemoryGame.swift */,
				EEBFC9E0264ED356004E1DD4 /* MemorizeApp.swift */,
				EEBFC9E2264ED356004E1DD4 /* EmojiMemoryGameView.swift */,
				EEBFCA0D264EE6A9004E1DD4 /* EmojiMemoryGame.swift */,
				EEBFC9E4264ED357004E1DD4 /* Assets.xcassets */,
				EEBFC9E9264ED357004E1DD4 /* Info.plist */,
				EEBFC9E6264ED357004E1DD4 /* Preview Content */,
				EE38546B265375DF00FFB41D /* Grid.swift */,
				EE3854712654EE4F00FFB41D /* Array+Only.swift */,
				EE385473265ACDB500FFB41D /* Pie.swift */,
				EE385475265ADDA900FFB41D /* Cardify.swift */,
			);
			path = Memorize;
			sourceTree = "<group>";
		};
		EEBFC9E6264ED357004E1DD4 /* Preview Content */ = {
			isa = PBXGroup;
			children = (
				EEBFC9E7264ED357004E1DD4 /* Preview Assets.xcassets */,
			);
			path = "Preview Content";
			sourceTree = "<group>";
		};
		EEBFC9F1264ED357004E1DD4 /* MemorizeTests */ = {
			isa = PBXGroup;
			children = (
				EEBFC9F2264ED357004E1DD4 /* MemorizeTests.swift */,
				EEBFC9F4264ED357004E1DD4 /* Info.plist */,
			);
			path = MemorizeTests;
			sourceTree = "<group>";
		};
		EEBFC9FC264ED357004E1DD4 /* MemorizeUITests */ = {
			isa = PBXGroup;
			children = (
				EEBFC9FD264ED357004E1DD4 /* MemorizeUITests.swift */,
				EEBFC9FF264ED357004E1DD4 /* Info.plist */,
			);
			path = MemorizeUITests;
			sourceTree = "<group>";
		};
/* End PBXGroup section */

/* Begin PBXNativeTarget section */
		EEBFC9DC264ED356004E1DD4 /* Memorize */ = {
			isa = PBXNativeTarget;
			buildConfigurationList = EEBFCA02264ED357004E1DD4 /* Build configuration list for PBXNativeTarget "Memorize" */;
			buildPhases = (
				EEBFC9D9264ED356004E1DD4 /* Sources */,
				EEBFC9DA264ED356004E1DD4 /* Frameworks */,
				EEBFC9DB264ED356004E1DD4 /* Resources */,
			);
			buildRules = (
			);
			dependencies = (
			);
			name = Memorize;
			productName = Memorize;
			productReference = EEBFC9DD264ED356004E1DD4 /* Memorize.app */;
			productType = "com.apple.product-type.application";
		};
		EEBFC9ED264ED357004E1DD4 /* MemorizeTests */ = {
			isa = PBXNativeTarget;
			buildConfigurationList = EEBFCA05264ED357004E1DD4 /* Build configuration list for PBXNativeTarget "MemorizeTests" */;
			buildPhases = (
				EEBFC9EA264ED357004E1DD4 /* Sources */,
				EEBFC9EB264ED357004E1DD4 /* Frameworks */,
				EEBFC9EC264ED357004E1DD4 /* Resources */,
			);
			buildRules = (
			);
			dependencies = (
				EEBFC9F0264ED357004E1DD4 /* PBXTargetDependency */,
			);
			name = MemorizeTests;
			productName = MemorizeTests;
			productReference = EEBFC9EE264ED357004E1DD4 /* MemorizeTests.xctest */;
			productType = "com.apple.product-type.bundle.unit-test";
		};
		EEBFC9F8264ED357004E1DD4 /* MemorizeUITests */ = {
			isa = PBXNativeTarget;
			buildConfigurationList = EEBFCA08264ED357004E1DD4 /* Build configuration list for PBXNativeTarget "MemorizeUITests" */;
			buildPhases = (
				EEBFC9F5264ED357004E1DD4 /* Sources */,
				EEBFC9F6264ED357004E1DD4 /* Frameworks */,
				EEBFC9F7264ED357004E1DD4 /* Resources */,
			);
			buildRules = (
			);
			dependencies = (
				EEBFC9FB264ED357004E1DD4 /* PBXTargetDependency */,
			);
			name = MemorizeUITests;
			productName = MemorizeUITests;
			productReference = EEBFC9F9264ED357004E1DD4 /* MemorizeUITests.xctest */;
			productType = "com.apple.product-type.bundle.ui-testing";
		};
/* End PBXNativeTarget section */

/* Begin PBXProject section */
		EEBFC9D5264ED356004E1DD4 /* Project object */ = {
			isa = PBXProject;
			attributes = {
				LastSwiftUpdateCheck = 1250;
				LastUpgradeCheck = 1250;
				TargetAttributes = {
					EEBFC9DC264ED356004E1DD4 = {
						CreatedOnToolsVersion = 12.5;
					};
					EEBFC9ED264ED357004E1DD4 = {
						CreatedOnToolsVersion = 12.5;
						TestTargetID = EEBFC9DC264ED356004E1DD4;
					};
					EEBFC9F8264ED357004E1DD4 = {
						CreatedOnToolsVersion = 12.5;
						TestTargetID = EEBFC9DC264ED356004E1DD4;
					};
				};
			};
			buildConfigurationList = EEBFC9D8264ED356004E1DD4 /* Build configuration list for PBXProject "Memorize" */;
			compatibilityVersion = "Xcode 9.3";
			developmentRegion = en;
			hasScannedForEncodings = 0;
			knownRegions = (
				en,
				Base,
			);
			mainGroup = EEBFC9D4264ED356004E1DD4;
			productRefGroup = EEBFC9DE264ED356004E1DD4 /* Products */;
			projectDirPath = "";
			projectRoot = "";
			targets = (
				EEBFC9DC264ED356004E1DD4 /* Memorize */,
				EEBFC9ED264ED357004E1DD4 /* MemorizeTests */,
				EEBFC9F8264ED357004E1DD4 /* MemorizeUITests */,
			);
		};
/* End PBXProject section */

/* Begin PBXResourcesBuildPhase section */
		EEBFC9DB264ED356004E1DD4 /* Resources */ = {
			isa = PBXResourcesBuildPhase;
			buildActionMask = 2147483647;
			files = (
				EEBFC9E8264ED357004E1DD4 /* Preview Assets.xcassets in Resources */,
				EEBFC9E5264ED357004E1DD4 /* Assets.xcassets in Resources */,
			);
			runOnlyForDeploymentPostprocessing = 0;
		};
		EEBFC9EC264ED357004E1DD4 /* Resources */ = {
			isa = PBXResourcesBuildPhase;
			buildActionMask = 2147483647;
			files = (
			);
			runOnlyForDeploymentPostprocessing = 0;
		};
		EEBFC9F7264ED357004E1DD4 /* Resources */ = {
			isa = PBXResourcesBuildPhase;
			buildActionMask = 2147483647;
			files = (
			);
			runOnlyForDeploymentPostprocessing = 0;
		};
/* End PBXResourcesBuildPhase section */

/* Begin PBXSourcesBuildPhase section */
		EEBFC9D9264ED356004E1DD4 /* Sources */ = {
			isa = PBXSourcesBuildPhase;
			buildActionMask = 2147483647;
			files = (
				EEBFCA0C264EE511004E1DD4 /* MemoryGame.swift in Sources */,
				EEBFC9E3264ED356004E1DD4 /* EmojiMemoryGameView.swift in Sources */,
				EE385474265ACDB500FFB41D /* Pie.swift in Sources */,
				EE385476265ADDA900FFB41D /* Cardify.swift in Sources */,
				EEBFC9E1264ED356004E1DD4 /* MemorizeApp.swift in Sources */,
				EE38547026537DF700FFB41D /* GridLayout.swift in Sources */,
				EE38546C265375DF00FFB41D /* Grid.swift in Sources */,
				EE3854722654EE4F00FFB41D /* Array+Only.swift in Sources */,
				EEBFCA0E264EE6A9004E1DD4 /* EmojiMemoryGame.swift in Sources */,
			);
			runOnlyForDeploymentPostprocessing = 0;
		};
		EEBFC9EA264ED357004E1DD4 /* Sources */ = {
			isa = PBXSourcesBuildPhase;
			buildActionMask = 2147483647;
			files = (
				EEBFC9F3264ED357004E1DD4 /* MemorizeTests.swift in Sources */,
			);
			runOnlyForDeploymentPostprocessing = 0;
		};
		EEBFC9F5264ED357004E1DD4 /* Sources */ = {
			isa = PBXSourcesBuildPhase;
			buildActionMask = 2147483647;
			files = (
				EEBFC9FE264ED357004E1DD4 /* MemorizeUITests.swift in Sources */,
			);
			runOnlyForDeploymentPostprocessing = 0;
		};
/* End PBXSourcesBuildPhase section */

/* Begin PBXTargetDependency section */
		EEBFC9F0264ED357004E1DD4 /* PBXTargetDependency */ = {
			isa = PBXTargetDependency;
			target = EEBFC9DC264ED356004E1DD4 /* Memorize */;
			targetProxy = EEBFC9EF264ED357004E1DD4 /* PBXContainerItemProxy */;
		};
		EEBFC9FB264ED357004E1DD4 /* PBXTargetDependency */ = {
			isa = PBXTargetDependency;
			target = EEBFC9DC264ED356004E1DD4 /* Memorize */;
			targetProxy = EEBFC9FA264ED357004E1DD4 /* PBXContainerItemProxy */;
		};
/* End PBXTargetDependency section */

/* Begin XCBuildConfiguration section */
		EEBFCA00264ED357004E1DD4 /* Debug */ = {
			isa = XCBuildConfiguration;
			buildSettings = {
				ALWAYS_SEARCH_USER_PATHS = NO;
				CLANG_ANALYZER_NONNULL = YES;
				CLANG_ANALYZER_NUMBER_OBJECT_CONVERSION = YES_AGGRESSIVE;
				CLANG_CXX_LANGUAGE_STANDARD = "gnu++14";
				CLANG_CXX_LIBRARY = "libc++";
				CLANG_ENABLE_MODULES = YES;
				CLANG_ENABLE_OBJC_ARC = YES;
				CLANG_ENABLE_OBJC_WEAK = YES;
				CLANG_WARN_BLOCK_CAPTURE_AUTORELEASING = YES;
				CLANG_WARN_BOOL_CONVERSION = YES;
				CLANG_WARN_COMMA = YES;
				CLANG_WARN_CONSTANT_CONVERSION = YES;
				CLANG_WARN_DEPRECATED_OBJC_IMPLEMENTATIONS = YES;
				CLANG_WARN_DIRECT_OBJC_ISA_USAGE = YES_ERROR;
				CLANG_WARN_DOCUMENTATION_COMMENTS = YES;
				CLANG_WARN_EMPTY_BODY = YES;
				CLANG_WARN_ENUM_CONVERSION = YES;
				CLANG_WARN_INFINITE_RECURSION = YES;
				CLANG_WARN_INT_CONVERSION = YES;
				CLANG_WARN_NON_LITERAL_NULL_CONVERSION = YES;
				CLANG_WARN_OBJC_IMPLICIT_RETAIN_SELF = YES;
				CLANG_WARN_OBJC_LITERAL_CONVERSION = YES;
				CLANG_WARN_OBJC_ROOT_CLASS = YES_ERROR;
				CLANG_WARN_QUOTED_INCLUDE_IN_FRAMEWORK_HEADER = YES;
				CLANG_WARN_RANGE_LOOP_ANALYSIS = YES;
				CLANG_WARN_STRICT_PROTOTYPES = YES;
				CLANG_WARN_SUSPICIOUS_MOVE = YES;
				CLANG_WARN_UNGUARDED_AVAILABILITY = YES_AGGRESSIVE;
				CLANG_WARN_UNREACHABLE_CODE = YES;
				CLANG_WARN__DUPLICATE_METHOD_MATCH = YES;
				COPY_PHASE_STRIP = NO;
				DEBUG_INFORMATION_FORMAT = dwarf;
				ENABLE_STRICT_OBJC_MSGSEND = YES;
				ENABLE_TESTABILITY = YES;
				GCC_C_LANGUAGE_STANDARD = gnu11;
				GCC_DYNAMIC_NO_PIC = NO;
				GCC_NO_COMMON_BLOCKS = YES;
				GCC_OPTIMIZATION_LEVEL = 0;
				GCC_PREPROCESSOR_DEFINITIONS = (
					"DEBUG=1",
					"$(inherited)",
				);
				GCC_WARN_64_TO_32_BIT_CONVERSION = YES;
				GCC_WARN_ABOUT_RETURN_TYPE = YES_ERROR;
				GCC_WARN_UNDECLARED_SELECTOR = YES;
				GCC_WARN_UNINITIALIZED_AUTOS = YES_AGGRESSIVE;
				GCC_WARN_UNUSED_FUNCTION = YES;
				GCC_WARN_UNUSED_VARIABLE = YES;
				IPHONEOS_DEPLOYMENT_TARGET = 14.5;
				MTL_ENABLE_DEBUG_INFO = INCLUDE_SOURCE;
				MTL_FAST_MATH = YES;
				ONLY_ACTIVE_ARCH = YES;
				SDKROOT = iphoneos;
				SWIFT_ACTIVE_COMPILATION_CONDITIONS = DEBUG;
				SWIFT_OPTIMIZATION_LEVEL = "-Onone";
			};
			name = Debug;
		};
		EEBFCA01264ED357004E1DD4 /* Release */ = {
			isa = XCBuildConfiguration;
			buildSettings = {
				ALWAYS_SEARCH_USER_PATHS = NO;
				CLANG_ANALYZER_NONNULL = YES;
				CLANG_ANALYZER_NUMBER_OBJECT_CONVERSION = YES_AGGRESSIVE;
				CLANG_CXX_LANGUAGE_STANDARD = "gnu++14";
				CLANG_CXX_LIBRARY = "libc++";
				CLANG_ENABLE_MODULES = YES;
				CLANG_ENABLE_OBJC_ARC = YES;
				CLANG_ENABLE_OBJC_WEAK = YES;
				CLANG_WARN_BLOCK_CAPTURE_AUTORELEASING = YES;
				CLANG_WARN_BOOL_CONVERSION = YES;
				CLANG_WARN_COMMA = YES;
				CLANG_WARN_CONSTANT_CONVERSION = YES;
				CLANG_WARN_DEPRECATED_OBJC_IMPLEMENTATIONS = YES;
				CLANG_WARN_DIRECT_OBJC_ISA_USAGE = YES_ERROR;
				CLANG_WARN_DOCUMENTATION_COMMENTS = YES;
				CLANG_WARN_EMPTY_BODY = YES;
				CLANG_WARN_ENUM_CONVERSION = YES;
				CLANG_WARN_INFINITE_RECURSION = YES;
				CLANG_WARN_INT_CONVERSION = YES;
				CLANG_WARN_NON_LITERAL_NULL_CONVERSION = YES;
				CLANG_WARN_OBJC_IMPLICIT_RETAIN_SELF = YES;
				CLANG_WARN_OBJC_LITERAL_CONVERSION = YES;
				CLANG_WARN_OBJC_ROOT_CLASS = YES_ERROR;
				CLANG_WARN_QUOTED_INCLUDE_IN_FRAMEWORK_HEADER = YES;
				CLANG_WARN_RANGE_LOOP_ANALYSIS = YES;
				CLANG_WARN_STRICT_PROTOTYPES = YES;
				CLANG_WARN_SUSPICIOUS_MOVE = YES;
				CLANG_WARN_UNGUARDED_AVAILABILITY = YES_AGGRESSIVE;
				CLANG_WARN_UNREACHABLE_CODE = YES;
				CLANG_WARN__DUPLICATE_METHOD_MATCH = YES;
				COPY_PHASE_STRIP = NO;
				DEBUG_INFORMATION_FORMAT = "dwarf-with-dsym";
				ENABLE_NS_ASSERTIONS = NO;
				ENABLE_STRICT_OBJC_MSGSEND = YES;
				GCC_C_LANGUAGE_STANDARD = gnu11;
				GCC_NO_COMMON_BLOCKS = YES;
				GCC_WARN_64_TO_32_BIT_CONVERSION = YES;
				GCC_WARN_ABOUT_RETURN_TYPE = YES_ERROR;
				GCC_WARN_UNDECLARED_SELECTOR = YES;
				GCC_WARN_UNINITIALIZED_AUTOS = YES_AGGRESSIVE;
				GCC_WARN_UNUSED_FUNCTION = YES;
				GCC_WARN_UNUSED_VARIABLE = YES;
				IPHONEOS_DEPLOYMENT_TARGET = 14.5;
				MTL_ENABLE_DEBUG_INFO = NO;
				MTL_FAST_MATH = YES;
				SDKROOT = iphoneos;
				SWIFT_COMPILATION_MODE = wholemodule;
				SWIFT_OPTIMIZATION_LEVEL = "-O";
				VALIDATE_PRODUCT = YES;
			};
			name = Release;
		};
		EEBFCA03264ED357004E1DD4 /* Debug */ = {
			isa = XCBuildConfiguration;
			buildSettings = {
				ASSETCATALOG_COMPILER_APPICON_NAME = AppIcon;
				ASSETCATALOG_COMPILER_GLOBAL_ACCENT_COLOR_NAME = AccentColor;
				CODE_SIGN_STYLE = Automatic;
				DEVELOPMENT_ASSET_PATHS = "\"Memorize/Preview Content\"";
				DEVELOPMENT_TEAM = 4V6WNW7NY9;
				ENABLE_PREVIEWS = YES;
				INFOPLIST_FILE = Memorize/Info.plist;
				IPHONEOS_DEPLOYMENT_TARGET = 14.0;
				LD_RUNPATH_SEARCH_PATHS = (
					"$(inherited)",
					"@executable_path/Frameworks",
				);
				PRODUCT_BUNDLE_IDENTIFIER = net.vitasystems.Memorize;
				PRODUCT_NAME = "$(TARGET_NAME)";
				SWIFT_VERSION = 5.0;
				TARGETED_DEVICE_FAMILY = "1,2";
			};
			name = Debug;
		};
		EEBFCA04264ED357004E1DD4 /* Release */ = {
			isa = XCBuildConfiguration;
			buildSettings = {
				ASSETCATALOG_COMPILER_APPICON_NAME = AppIcon;
				ASSETCATALOG_COMPILER_GLOBAL_ACCENT_COLOR_NAME = AccentColor;
				CODE_SIGN_STYLE = Automatic;
				DEVELOPMENT_ASSET_PATHS = "\"Memorize/Preview Content\"";
				DEVELOPMENT_TEAM = 4V6WNW7NY9;
				ENABLE_PREVIEWS = YES;
				INFOPLIST_FILE = Memorize/Info.plist;
				IPHONEOS_DEPLOYMENT_TARGET = 14.0;
				LD_RUNPATH_SEARCH_PATHS = (
					"$(inherited)",
					"@executable_path/Frameworks",
				);
				PRODUCT_BUNDLE_IDENTIFIER = net.vitasystems.Memorize;
				PRODUCT_NAME = "$(TARGET_NAME)";
				SWIFT_VERSION = 5.0;
				TARGETED_DEVICE_FAMILY = "1,2";
			};
			name = Release;
		};
		EEBFCA06264ED357004E1DD4 /* Debug */ = {
			isa = XCBuildConfiguration;
			buildSettings = {
				ALWAYS_EMBED_SWIFT_STANDARD_LIBRARIES = YES;
				BUNDLE_LOADER = "$(TEST_HOST)";
				CODE_SIGN_STYLE = Automatic;
				DEVELOPMENT_TEAM = 4V6WNW7NY9;
				INFOPLIST_FILE = MemorizeTests/Info.plist;
				IPHONEOS_DEPLOYMENT_TARGET = 14.0;
				LD_RUNPATH_SEARCH_PATHS = (
					"$(inherited)",
					"@executable_path/Frameworks",
					"@loader_path/Frameworks",
				);
				PRODUCT_BUNDLE_IDENTIFIER = net.vitasystems.MemorizeTests;
				PRODUCT_NAME = "$(TARGET_NAME)";
				SWIFT_VERSION = 5.0;
				TARGETED_DEVICE_FAMILY = "1,2";
				TEST_HOST = "$(BUILT_PRODUCTS_DIR)/Memorize.app/Memorize";
			};
			name = Debug;
		};
		EEBFCA07264ED357004E1DD4 /* Release */ = {
			isa = XCBuildConfiguration;
			buildSettings = {
				ALWAYS_EMBED_SWIFT_STANDARD_LIBRARIES = YES;
				BUNDLE_LOADER = "$(TEST_HOST)";
				CODE_SIGN_STYLE = Automatic;
				DEVELOPMENT_TEAM = 4V6WNW7NY9;
				INFOPLIST_FILE = MemorizeTests/Info.plist;
				IPHONEOS_DEPLOYMENT_TARGET = 14.0;
				LD_RUNPATH_SEARCH_PATHS = (
					"$(inherited)",
					"@executable_path/Frameworks",
					"@loader_path/Frameworks",
				);
				PRODUCT_BUNDLE_IDENTIFIER = net.vitasystems.MemorizeTests;
				PRODUCT_NAME = "$(TARGET_NAME)";
				SWIFT_VERSION = 5.0;
				TARGETED_DEVICE_FAMILY = "1,2";
				TEST_HOST = "$(BUILT_PRODUCTS_DIR)/Memorize.app/Memorize";
			};
			name = Release;
		};
		EEBFCA09264ED357004E1DD4 /* Debug */ = {
			isa = XCBuildConfiguration;
			buildSettings = {
				ALWAYS_EMBED_SWIFT_STANDARD_LIBRARIES = YES;
				CODE_SIGN_STYLE = Automatic;
				DEVELOPMENT_TEAM = 4V6WNW7NY9;
				INFOPLIST_FILE = MemorizeUITests/Info.plist;
				LD_RUNPATH_SEARCH_PATHS = (
					"$(inherited)",
					"@executable_path/Frameworks",
					"@loader_path/Frameworks",
				);
				PRODUCT_BUNDLE_IDENTIFIER = net.vitasystems.MemorizeUITests;
				PRODUCT_NAME = "$(TARGET_NAME)";
				SWIFT_VERSION = 5.0;
				TARGETED_DEVICE_FAMILY = "1,2";
				TEST_TARGET_NAME = Memorize;
			};
			name = Debug;
		};
		EEBFCA0A264ED357004E1DD4 /* Release */ = {
			isa = XCBuildConfiguration;
			buildSettings = {
				ALWAYS_EMBED_SWIFT_STANDARD_LIBRARIES = YES;
				CODE_SIGN_STYLE = Automatic;
				DEVELOPMENT_TEAM = 4V6WNW7NY9;
				INFOPLIST_FILE = MemorizeUITests/Info.plist;
				LD_RUNPATH_SEARCH_PATHS = (
					"$(inherited)",
					"@executable_path/Frameworks",
					"@loader_path/Frameworks",
				);
				PRODUCT_BUNDLE_IDENTIFIER = net.vitasystems.MemorizeUITests;
				PRODUCT_NAME = "$(TARGET_NAME)";
				SWIFT_VERSION = 5.0;
				TARGETED_DEVICE_FAMILY = "1,2";
				TEST_TARGET_NAME = Memorize;
			};
			name = Release;
		};
/* End XCBuildConfiguration section */

/* Begin XCConfigurationList section */
		EEBFC9D8264ED356004E1DD4 /* Build configuration list for PBXProject "Memorize" */ = {
			isa = XCConfigurationList;
			buildConfigurations = (
				EEBFCA00264ED357004E1DD4 /* Debug */,
				EEBFCA01264ED357004E1DD4 /* Release */,
			);
			defaultConfigurationIsVisible = 0;
			defaultConfigurationName = Release;
		};
		EEBFCA02264ED357004E1DD4 /* Build configuration list for PBXNativeTarget "Memorize" */ = {
			isa = XCConfigurationList;
			buildConfigurations = (
				EEBFCA03264ED357004E1DD4 /* Debug */,
				EEBFCA04264ED357004E1DD4 /* Release */,
			);
			defaultConfigurationIsVisible = 0;
			defaultConfigurationName = Release;
		};
		EEBFCA05264ED357004E1DD4 /* Build configuration list for PBXNativeTarget "MemorizeTests" */ = {
			isa = XCConfigurationList;
			buildConfigurations = (
				EEBFCA06264ED357004E1DD4 /* Debug */,
				EEBFCA07264ED357004E1DD4 /* Release */,
			);
			defaultConfigurationIsVisible = 0;
			defaultConfigurationName = Release;
		};
		EEBFCA08264ED357004E1DD4 /* Build configuration list for PBXNativeTarget "MemorizeUITests" */ = {
			isa = XCConfigurationList;
			buildConfigurations = (
				EEBFCA09264ED357004E1DD4 /* Debug */,
				EEBFCA0A264ED357004E1DD4 /* Release */,
			);
			defaultConfigurationIsVisible = 0;
			defaultConfigurationName = Release;
		};
/* End XCConfigurationList section */
	};
	rootObject = EEBFC9D5264ED356004E1DD4 /* Project object */;
}
